
Microsoft Visual Studio Solution File, Format Version 12.00
# Visual Studio Version 17
VisualStudioVersion = 17.11.35312.102
MinimumVisualStudioVersion = 10.0.40219.1
Project("{FAE04EC0-301F-11D3-BF4B-00C04F79EFBC}") = "TravelSV.API", "TravelSV.API\TravelSV.API.csproj", "{0F3B569D-7A14-4BA5-A242-4F99963F2175}"
EndProject
Global
	GlobalSection(SolutionConfigurationPlatforms) = preSolution
		Debug|Any CPU = Debug|Any CPU
		Release|Any CPU = Release|Any CPU
	EndGlobalSection
	GlobalSection(ProjectConfigurationPlatforms) = postSolution
		{0F3B569D-7A14-4BA5-A242-4F99963F2175}.Debug|Any CPU.ActiveCfg = Debug|Any CPU
		{0F3B569D-7A14-4BA5-A242-4F99963F2175}.Debug|Any CPU.Build.0 = Debug|Any CPU
		{0F3B569D-7A14-4BA5-A242-4F99963F2175}.Release|Any CPU.ActiveCfg = Release|Any CPU
		{0F3B569D-7A14-4BA5-A242-4F99963F2175}.Release|Any CPU.Build.0 = Release|Any CPU
	EndGlobalSection
	GlobalSection(SolutionProperties) = preSolution
		HideSolutionNode = FALSE
	EndGlobalSection
	GlobalSection(ExtensibilityGlobals) = postSolution
		SolutionGuid = {0A12FC9F-8F29-405E-9C1A-57012978E519}
	EndGlobalSection
EndGlobal
